
Microsoft Visual Studio Solution File, Format Version 12.00
# Visual Studio Version 17
VisualStudioVersion = 17.11.35327.3
MinimumVisualStudioVersion = 10.0.40219.1
Project("{FAE04EC0-301F-11D3-BF4B-00C04F79EFBC}") = "TrufinIS_L4", "TrufinIS_L4\TrufinIS_L4.csproj", "{26971C3A-EE2D-472D-A3A5-882BE99CABC0}"
EndProject
Global
	GlobalSection(SolutionConfigurationPlatforms) = preSolution
		Debug|Any CPU = Debug|Any CPU
		Release|Any CPU = Release|Any CPU
	EndGlobalSection
	GlobalSection(ProjectConfigurationPlatforms) = postSolution
		{26971C3A-EE2D-472D-A3A5-882BE99CABC0}.Debug|Any CPU.ActiveCfg = Debug|Any CPU
		{26971C3A-EE2D-472D-A3A5-882BE99CABC0}.Debug|Any CPU.Build.0 = Debug|Any CPU
		{26971C3A-EE2D-472D-A3A5-882BE99CABC0}.Release|Any CPU.ActiveCfg = Release|Any CPU
		{26971C3A-EE2D-472D-A3A5-882BE99CABC0}.Release|Any CPU.Build.0 = Release|Any CPU
	EndGlobalSection
	GlobalSection(SolutionProperties) = preSolution
		HideSolutionNode = FALSE
	EndGlobalSection
	GlobalSection(ExtensibilityGlobals) = postSolution
		SolutionGuid = {B48F592A-8C57-4E65-BC4C-6BC07773CC08}
	EndGlobalSection
EndGlobal
